
Microsoft Visual Studio Solution File, Format Version 12.00
# Visual Studio Version 16
VisualStudioVersion = 16.0.31702.278
MinimumVisualStudioVersion = 10.0.40219.1
Project("{FAE04EC0-301F-11D3-BF4B-00C04F79EFBC}") = "HTML ÖDEV", "HTML ÖDEV\HTML ÖDEV.csproj", "{382086BB-6398-4673-BEA9-765CCDB00964}"
EndProject
Global
	GlobalSection(SolutionConfigurationPlatforms) = preSolution
		Debug|Any CPU = Debug|Any CPU
		Release|Any CPU = Release|Any CPU
	EndGlobalSection
	GlobalSection(ProjectConfigurationPlatforms) = postSolution
		{382086BB-6398-4673-BEA9-765CCDB00964}.Debug|Any CPU.ActiveCfg = Debug|Any CPU
		{382086BB-6398-4673-BEA9-765CCDB00964}.Debug|Any CPU.Build.0 = Debug|Any CPU
		{382086BB-6398-4673-BEA9-765CCDB00964}.Release|Any CPU.ActiveCfg = Release|Any CPU
		{382086BB-6398-4673-BEA9-765CCDB00964}.Release|Any CPU.Build.0 = Release|Any CPU
	EndGlobalSection
	GlobalSection(SolutionProperties) = preSolution
		HideSolutionNode = FALSE
	EndGlobalSection
	GlobalSection(ExtensibilityGlobals) = postSolution
		SolutionGuid = {E11B0732-B11C-4EBD-893C-358589D3DC0B}
	EndGlobalSection
EndGlobal
